
Microsoft Visual Studio Solution File, Format Version 11.00
# Visual Studio 2010
Project("{F184B08F-C81C-45F6-A57F-5ABD9991F28F}") = "CatChat", "CatChat\CatChat.vbproj", "{E0D2B372-5DDD-4B75-8E57-61A21FE39CBF}"
EndProject
Global
	GlobalSection(SolutionConfigurationPlatforms) = preSolution
		Debug|x86 = Debug|x86
		Release|x86 = Release|x86
	EndGlobalSection
	GlobalSection(ProjectConfigurationPlatforms) = postSolution
		{E0D2B372-5DDD-4B75-8E57-61A21FE39CBF}.Debug|x86.ActiveCfg = Debug|x86
		{E0D2B372-5DDD-4B75-8E57-61A21FE39CBF}.Debug|x86.Build.0 = Debug|x86
		{E0D2B372-5DDD-4B75-8E57-61A21FE39CBF}.Release|x86.ActiveCfg = Release|x86
		{E0D2B372-5DDD-4B75-8E57-61A21FE39CBF}.Release|x86.Build.0 = Release|x86
	EndGlobalSection
	GlobalSection(SolutionProperties) = preSolution
		HideSolutionNode = FALSE
	EndGlobalSection
EndGlobal
